
Microsoft Visual Studio Solution File, Format Version 12.00
# Visual Studio 15
VisualStudioVersion = 15.0.27520.0
MinimumVisualStudioVersion = 10.0.40219.1
Project("{FAE04EC0-301F-11D3-BF4B-00C04F79EFBC}") = "AssimpNet.Test", "AssimpNet.Test\AssimpNet.Test.csproj", "{72D6BF28-1217-405E-BE22-DFDFC37BC805}"
EndProject
Project("{FAE04EC0-301F-11D3-BF4B-00C04F79EFBC}") = "AssimpNet.Sample", "AssimpNet.Sample\AssimpNet.Sample.csproj", "{67282517-89C5-4F57-AF65-D80E8B16BB95}"
EndProject
Project("{9A19103F-16F7-4668-BE54-9A1E7A4F7556}") = "AssimpNet", "AssimpNet\AssimpNet.csproj", "{F72E89CC-857E-4486-B0C3-C40F2CB0DBA1}"
EndProject
Project("{FAE04EC0-301F-11D3-BF4B-00C04F79EFBC}") = "AssimpNet.Interop.Generator", "AssimpNet.Interop.Generator\AssimpNet.Interop.Generator.csproj", "{EA4EF0BE-B8A9-4149-8B5A-7E353AD628C0}"
EndProject
Global
	GlobalSection(SolutionConfigurationPlatforms) = preSolution
		Debug|Any CPU = Debug|Any CPU
		Release|Any CPU = Release|Any CPU
	EndGlobalSection
	GlobalSection(ProjectConfigurationPlatforms) = postSolution
		{72D6BF28-1217-405E-BE22-DFDFC37BC805}.Debug|Any CPU.ActiveCfg = Debug|Any CPU
		{72D6BF28-1217-405E-BE22-DFDFC37BC805}.Debug|Any CPU.Build.0 = Debug|Any CPU
		{72D6BF28-1217-405E-BE22-DFDFC37BC805}.Release|Any CPU.ActiveCfg = Release|Any CPU
		{72D6BF28-1217-405E-BE22-DFDFC37BC805}.Release|Any CPU.Build.0 = Release|Any CPU
		{67282517-89C5-4F57-AF65-D80E8B16BB95}.Debug|Any CPU.ActiveCfg = Debug|Any CPU
		{67282517-89C5-4F57-AF65-D80E8B16BB95}.Debug|Any CPU.Build.0 = Debug|Any CPU
		{67282517-89C5-4F57-AF65-D80E8B16BB95}.Release|Any CPU.ActiveCfg = Release|Any CPU
		{67282517-89C5-4F57-AF65-D80E8B16BB95}.Release|Any CPU.Build.0 = Release|Any CPU
		{F72E89CC-857E-4486-B0C3-C40F2CB0DBA1}.Debug|Any CPU.ActiveCfg = Debug|Any CPU
		{F72E89CC-857E-4486-B0C3-C40F2CB0DBA1}.Debug|Any CPU.Build.0 = Debug|Any CPU
		{F72E89CC-857E-4486-B0C3-C40F2CB0DBA1}.Release|Any CPU.ActiveCfg = Release|Any CPU
		{F72E89CC-857E-4486-B0C3-C40F2CB0DBA1}.Release|Any CPU.Build.0 = Release|Any CPU
		{EA4EF0BE-B8A9-4149-8B5A-7E353AD628C0}.Debug|Any CPU.ActiveCfg = Debug|Any CPU
		{EA4EF0BE-B8A9-4149-8B5A-7E353AD628C0}.Debug|Any CPU.Build.0 = Debug|Any CPU
		{EA4EF0BE-B8A9-4149-8B5A-7E353AD628C0}.Release|Any CPU.ActiveCfg = Release|Any CPU
		{EA4EF0BE-B8A9-4149-8B5A-7E353AD628C0}.Release|Any CPU.Build.0 = Release|Any CPU
	EndGlobalSection
	GlobalSection(SolutionProperties) = preSolution
		HideSolutionNode = FALSE
	EndGlobalSection
	GlobalSection(ExtensibilityGlobals) = postSolution
		SolutionGuid = {1C4DDF58-BF1E-4B26-B319-C084322AB538}
	EndGlobalSection
	GlobalSection(SubversionScc) = preSolution
		Svn-Managed = True
		Manager = AnkhSVN - Subversion Support for Visual Studio
	EndGlobalSection
EndGlobal
